{
  "version": 1,
  "dependencies": {
    "net6.0": {
      "Microsoft.CSharp": {
        "type": "Direct",
        "requested": "[4.7.0, )",
        "resolved": "4.7.0",
        "contentHash": "pTj+D3uJWyN3My70i2Hqo+OXixq3Os2D1nJ2x92FFo6sk8fYS1m1WLNTs0Dc1uPaViH0YvEEwvzddQ7y4rhXmA=="
      },
      "Microsoft.EntityFrameworkCore": {
        "type": "Direct",
        "requested": "[8.0.0-preview.2.23128.3, )",
        "resolved": "8.0.0-preview.2.23128.3",
        "contentHash": "1bOVqUlmcV28rhWVYGOOZ0W/a1aSoZsAUy71tVUwLtOV1UxBqJMhYS8EQs/BSpvwfAnmOcgAXH4A43NnqFlEbQ==",
        "dependencies": {
          "Microsoft.EntityFrameworkCore.Abstractions": "8.0.0-preview.2.23128.3",
          "Microsoft.EntityFrameworkCore.Analyzers": "8.0.0-preview.2.23128.3",
          "Microsoft.Extensions.Caching.Memory": "8.0.0-preview.2.23128.3",
          "Microsoft.Extensions.DependencyInjection": "8.0.0-preview.2.23128.3",
          "Microsoft.Extensions.Logging": "8.0.0-preview.2.23128.3"
        }
      },
      "Microsoft.Extensions.Configuration": {
        "type": "Direct",
        "requested": "[8.0.0-preview.2.23128.3, )",
        "resolved": "8.0.0-preview.2.23128.3",
        "contentHash": "dS4afNApnpNVdxjrWC0e2Lkk1LXMFV5N5mPMaPFrynO45UHpxaoB9FmMpATcvRLSVBzoIfRYE5X1b7rpZcqYOg==",
        "dependencies": {
          "Microsoft.Extensions.Configuration.Abstractions": "8.0.0-preview.2.23128.3",
          "Microsoft.Extensions.Primitives": "8.0.0-preview.2.23128.3"
        }
      },
      "Microsoft.Extensions.Configuration.Abstractions": {
        "type": "Direct",
        "requested": "[8.0.0-preview.2.23128.3, )",
        "resolved": "8.0.0-preview.2.23128.3",
        "contentHash": "Wt4g8AAXsVyzIQWaSYhONMnTjmQVQqAKbcGXa14d7tgaKiFFE0nYKzFtChQj9Tf3m3EI9HeqIAFz3ju5AjshtA==",
        "dependencies": {
          "Microsoft.Extensions.Primitives": "8.0.0-preview.2.23128.3"
        }
      },
      "Microsoft.Extensions.Configuration.Binder": {
        "type": "Direct",
        "requested": "[8.0.0-preview.2.23128.3, )",
        "resolved": "8.0.0-preview.2.23128.3",
        "contentHash": "7mwYtaSNzsw7lT3UiAyRLXy+Lgw4tR4vxjfwHgSbHKDHrnS+zGBpSf4keNpPGdMIHV7pfyFJsHxsiKGXPj0bLw==",
        "dependencies": {
          "Microsoft.Extensions.Configuration.Abstractions": "8.0.0-preview.2.23128.3"
        }
      },
      "System.Collections.Immutable": {
        "type": "Direct",
        "requested": "[8.0.0-preview.2.23128.3, )",
        "resolved": "8.0.0-preview.2.23128.3",
        "contentHash": "VJZe4xiRma8XmUwiJrfiRqjU4EG+e2xx/4nZmzcHBJC9Ppv5oeIP3fkyo4JhZIRSiu5V0WkShI/HnwG4dOMwbg==",
        "dependencies": {
          "System.Runtime.CompilerServices.Unsafe": "6.0.0"
        }
      },
      "System.Runtime.CompilerServices.Unsafe": {
        "type": "Direct",
        "requested": "[7.0.0-preview.2.22152.2, )",
        "resolved": "7.0.0-preview.2.22152.2",
        "contentHash": "6g+opYT/xN4Peft3Tar0kmB4FCFqEe4Rd8lDCK055bdod9kQWyuZTVotjwRA1C5x4zH+x8GhDLzDIee1WH2kmw=="
      },
      "System.Security.Cryptography.Cng": {
        "type": "Direct",
        "requested": "[6.0.0-preview.4.21253.7, )",
        "resolved": "6.0.0-preview.4.21253.7",
        "contentHash": "xhuvxSyLpEc1YAseHP5UDan+fH5P75fJkZ29JxjWUMBIIep75MA64+hGbwDZ7F3iOsxAB5kUu7iYGGATggnqkQ==",
        "dependencies": {
          "System.Formats.Asn1": "6.0.0-preview.4.21253.7"
        }
      },
      "Microsoft.EntityFrameworkCore.Abstractions": {
        "type": "Transitive",
        "resolved": "8.0.0-preview.2.23128.3",
        "contentHash": "I0cjryVMJrakoWDUL8ysuSaimPdA+NZAIT5nT0o74nLYXyahaKLuQuDYkpIH3hqf8IkEgIQQC/s1sFKORQ/r6A=="
      },
      "Microsoft.EntityFrameworkCore.Analyzers": {
        "type": "Transitive",
        "resolved": "8.0.0-preview.2.23128.3",
        "contentHash": "tjGBFS56wu/aJyYCBRi2arZt/Qp6mqnPmT5EuXv0Y69ICm/k2KQt+4IhXMX+/mjdJf7jdqQxIhy4sHBMVFbiJw=="
      },
      "Microsoft.Extensions.Caching.Abstractions": {
        "type": "Transitive",
        "resolved": "8.0.0-preview.2.23128.3",
        "contentHash": "T6DEBMnCGLUJYjwjEZ7YdOjc7pgenYNXdDQadLwZF25XwLm5hjI2Uwak1sZxaifyI3vLZbmIx9GisDwWjQXvkw==",
        "dependencies": {
          "Microsoft.Extensions.Primitives": "8.0.0-preview.2.23128.3"
        }
      },
      "Microsoft.Extensions.Caching.Memory": {
        "type": "Transitive",
        "resolved": "8.0.0-preview.2.23128.3",
        "contentHash": "EYJxzpmG6qcHej44wcdVTIwJ2GzFMlanmn1bp5+s2vWhogmidlV9XlG2XVjvNXBYNAkIxueuIkhvnAyloTrTpQ==",
        "dependencies": {
          "Microsoft.Extensions.Caching.Abstractions": "8.0.0-preview.2.23128.3",
          "Microsoft.Extensions.DependencyInjection.Abstractions": "8.0.0-preview.2.23128.3",
          "Microsoft.Extensions.Logging.Abstractions": "8.0.0-preview.2.23128.3",
          "Microsoft.Extensions.Options": "8.0.0-preview.2.23128.3",
          "Microsoft.Extensions.Primitives": "8.0.0-preview.2.23128.3"
        }
      },
      "Microsoft.Extensions.DependencyInjection": {
        "type": "Transitive",
        "resolved": "8.0.0-preview.2.23128.3",
        "contentHash": "pucB/ZmJDQb6EJ2TwQs8ZTXOPIZFO0YjVSKuo1AkDOqxsRc70OmQ3egbVPUAC+PmtuJeietTACeNgDPqYGgH8A==",
        "dependencies": {
          "Microsoft.Extensions.DependencyInjection.Abstractions": "8.0.0-preview.2.23128.3"
        }
      },
      "Microsoft.Extensions.DependencyInjection.Abstractions": {
        "type": "Transitive",
        "resolved": "8.0.0-preview.2.23128.3",
        "contentHash": "BchUPkH1mMDCdG/lVP4VvYs4UmAY3WbSehaPBqFNcBdf1bPwuwpHJwDGRY3jn6ltHyqh2xEG/lewZNqm2TE5Kg=="
      },
      "Microsoft.Extensions.Logging": {
        "type": "Transitive",
        "resolved": "8.0.0-preview.2.23128.3",
        "contentHash": "u+6+0XKdO1VlnNYKzaIklyfgCSsBs21yZfEVKFpgJ0Ppx4BULIyJPqaEzCMaK0ajDw/k7xe8vafMUjmjX6h2UA==",
        "dependencies": {
          "Microsoft.Extensions.DependencyInjection": "8.0.0-preview.2.23128.3",
          "Microsoft.Extensions.DependencyInjection.Abstractions": "8.0.0-preview.2.23128.3",
          "Microsoft.Extensions.Logging.Abstractions": "8.0.0-preview.2.23128.3",
          "Microsoft.Extensions.Options": "8.0.0-preview.2.23128.3"
        }
      },
      "Microsoft.Extensions.Logging.Abstractions": {
        "type": "Transitive",
        "resolved": "8.0.0-preview.2.23128.3",
        "contentHash": "kfj/lfXrJvSND1YVVmcvQD6zwbkKUV5vs+4rOig0wESj5Buh8+191P02Tm9EOEOo9kcJSsvzaSNFM7De/l+sHA=="
      },
      "Microsoft.Extensions.Options": {
        "type": "Transitive",
        "resolved": "8.0.0-preview.2.23128.3",
        "contentHash": "iqd3auorZ8LBgqHIneWO1qTruy4i3JrfjO2F9i4NrpmkzKWbJ9WY2TAJTdWcAMR8ppBYEUZbXUnxQK6UdAV2jA==",
        "dependencies": {
          "Microsoft.Extensions.DependencyInjection.Abstractions": "8.0.0-preview.2.23128.3",
          "Microsoft.Extensions.Primitives": "8.0.0-preview.2.23128.3"
        }
      },
      "Microsoft.Extensions.Primitives": {
        "type": "Transitive",
        "resolved": "8.0.0-preview.2.23128.3",
        "contentHash": "8W7bmEvjgV6PmJ+L4AOT1mhYKsmyRNXfS7Ej5PSUvIpozBxTMktlrxPghDPL//zi0FBdfLOaMPADoLb1fqxCLA==",
        "dependencies": {
          "System.Runtime.CompilerServices.Unsafe": "6.0.0"
        }
      },
      "System.Formats.Asn1": {
        "type": "Transitive",
        "resolved": "6.0.0-preview.4.21253.7",
        "contentHash": "a2JOF9OLowguJctYksYndG3Y4gFFVWmmAMLnqfsubt5RfeKM/o/pWg5qFx3T8I6P3G3gGMPhbcnGZ0y7JNH+PQ=="
      }
    }
  }
}